// !$*UTF8*$!
{
	archiveVersion = 1;
	classes = {
	};
	objectVersion = 46;
	objects = {

/* Begin PBXBuildFile section */
		A25A231F1A2E9EDF00C31F85 /* AppDelegate.swift in Sources */ = {isa = PBXBuildFile; fileRef = A25A231E1A2E9EDF00C31F85 /* AppDelegate.swift */; };
		A25A23211A2E9EDF00C31F85 /* ViewController.swift in Sources */ = {isa = PBXBuildFile; fileRef = A25A23201A2E9EDF00C31F85 /* ViewController.swift */; };
		A25A23241A2E9EDF00C31F85 /* Main.storyboard in Resources */ = {isa = PBXBuildFile; fileRef = A25A23221A2E9EDF00C31F85 /* Main.storyboard */; };
		A25A23261A2E9EDF00C31F85 /* Images.xcassets in Resources */ = {isa = PBXBuildFile; fileRef = A25A23251A2E9EDF00C31F85 /* Images.xcassets */; };
		A25A23291A2E9EDF00C31F85 /* LaunchScreen.xib in Resources */ = {isa = PBXBuildFile; fileRef = A25A23271A2E9EDF00C31F85 /* LaunchScreen.xib */; };
		A25A23351A2E9EDF00C31F85 /* PostcardTests.swift in Sources */ = {isa = PBXBuildFile; fileRef = A25A23341A2E9EDF00C31F85 /* PostcardTests.swift */; };
		A25A233F1A2FD32200C31F85 /* SagradaFamilia.jpeg in Resources */ = {isa = PBXBuildFile; fileRef = A25A233E1A2FD32200C31F85 /* SagradaFamilia.jpeg */; };
		A29A76911A31F9AB009F2332 /* AlbertEinsteinStamp.jpg in Resources */ = {isa = PBXBuildFile; fileRef = A29A76901A31F9AB009F2332 /* AlbertEinsteinStamp.jpg */; };
/* End PBXBuildFile section */

/* Begin PBXContainerItemProxy section */
		A25A232F1A2E9EDF00C31F85 /* PBXContainerItemProxy */ = {
			isa = PBXContainerItemProxy;
			containerPortal = A25A23111A2E9EDF00C31F85 /* Project object */;
			proxyType = 1;
			remoteGlobalIDString = A25A23181A2E9EDF00C31F85;
			remoteInfo = Postcard;
		};
/* End PBXContainerItemProxy section */

/* Begin PBXFileReference section */
		A25A23191A2E9EDF00C31F85 /* Postcard.app */ = {isa = PBXFileReference; explicitFileType = wrapper.application; includeInIndex = 0; path = Postcard.app; sourceTree = BUILT_PRODUCTS_DIR; };
		A25A231D1A2E9EDF00C31F85 /* Info.plist */ = {isa = PBXFileReference; lastKnownFileType = text.plist.xml; path = Info.plist; sourceTree = "<group>"; };
		A25A231E1A2E9EDF00C31F85 /* AppDelegate.swift */ = {isa = PBXFileReference; lastKnownFileType = sourcecode.swift; path = AppDelegate.swift; sourceTree = "<group>"; };
		A25A23201A2E9EDF00C31F85 /* ViewController.swift */ = {isa = PBXFileReference; lastKnownFileType = sourcecode.swift; path = ViewController.swift; sourceTree = "<group>"; };
		A25A23231A2E9EDF00C31F85 /* Base */ = {isa = PBXFileReference; lastKnownFileType = file.storyboard; name = Base; path = Base.lproj/Main.storyboard; sourceTree = "<group>"; };
		A25A23251A2E9EDF00C31F85 /* Images.xcassets */ = {isa = PBXFileReference; lastKnownFileType = folder.assetcatalog; path = Images.xcassets; sourceTree = "<group>"; };
		A25A23281A2E9EDF00C31F85 /* Base */ = {isa = PBXFileReference; lastKnownFileType = file.xib; name = Base; path = Base.lproj/LaunchScreen.xib; sourceTree = "<group>"; };
		A25A232E1A2E9EDF00C31F85 /* PostcardTests.xctest */ = {isa = PBXFileReference; explicitFileType = wrapper.cfbundle; includeInIndex = 0; path = PostcardTests.xctest; sourceTree = BUILT_PRODUCTS_DIR; };
		A25A23331A2E9EDF00C31F85 /* Info.plist */ = {isa = PBXFileReference; lastKnownFileType = text.plist.xml; path = Info.plist; sourceTree = "<group>"; };
		A25A23341A2E9EDF00C31F85 /* PostcardTests.swift */ = {isa = PBXFileReference; lastKnownFileType = sourcecode.swift; path = PostcardTests.swift; sourceTree = "<group>"; };
		A25A233E1A2FD32200C31F85 /* SagradaFamilia.jpeg */ = {isa = PBXFileReference; lastKnownFileType = image.jpeg; path = SagradaFamilia.jpeg; sourceTree = "<group>"; };
		A29A76901A31F9AB009F2332 /* AlbertEinsteinStamp.jpg */ = {isa = PBXFileReference; lastKnownFileType = image.jpeg; path = AlbertEinsteinStamp.jpg; sourceTree = "<group>"; };
/* End PBXFileReference section */

/* Begin PBXFrameworksBuildPhase section */
		A25A23161A2E9EDF00C31F85 /* Frameworks */ = {
			isa = PBXFrameworksBuildPhase;
			buildActionMask = 2147483647;
			files = (
			);
			runOnlyForDeploymentPostprocessing = 0;
		};
		A25A232B1A2E9EDF00C31F85 /* Frameworks */ = {
			isa = PBXFrameworksBuildPhase;
			buildActionMask = 2147483647;
			files = (
			);
			runOnlyForDeploymentPostprocessing = 0;
		};
/* End PBXFrameworksBuildPhase section */

/* Begin PBXGroup section */
		A25A23101A2E9EDF00C31F85 = {
			isa = PBXGroup;
			children = (
				A25A231B1A2E9EDF00C31F85 /* Postcard */,
				A25A23311A2E9EDF00C31F85 /* PostcardTests */,
				A25A231A1A2E9EDF00C31F85 /* Products */,
			);
			sourceTree = "<group>";
		};
		A25A231A1A2E9EDF00C31F85 /* Products */ = {
			isa = PBXGroup;
			children = (
				A25A23191A2E9EDF00C31F85 /* Postcard.app */,
				A25A232E1A2E9EDF00C31F85 /* PostcardTests.xctest */,
			);
			name = Products;
			sourceTree = "<group>";
		};
		A25A231B1A2E9EDF00C31F85 /* Postcard */ = {
			isa = PBXGroup;
			children = (
				A25A231E1A2E9EDF00C31F85 /* AppDelegate.swift */,
				A25A23201A2E9EDF00C31F85 /* ViewController.swift */,
				A25A23221A2E9EDF00C31F85 /* Main.storyboard */,
				A25A23251A2E9EDF00C31F85 /* Images.xcassets */,
				A25A23271A2E9EDF00C31F85 /* LaunchScreen.xib */,
				A25A231C1A2E9EDF00C31F85 /* Supporting Files */,
			);
			path = Postcard;
			sourceTree = "<group>";
		};
		A25A231C1A2E9EDF00C31F85 /* Supporting Files */ = {
			isa = PBXGroup;
			children = (
				A29A76901A31F9AB009F2332 /* AlbertEinsteinStamp.jpg */,
				A25A233E1A2FD32200C31F85 /* SagradaFamilia.jpeg */,
				A25A231D1A2E9EDF00C31F85 /* Info.plist */,
			);
			name = "Supporting Files";
			sourceTree = "<group>";
		};
		A25A23311A2E9EDF00C31F85 /* PostcardTests */ = {
			isa = PBXGroup;
			children = (
				A25A23341A2E9EDF00C31F85 /* PostcardTests.swift */,
				A25A23321A2E9EDF00C31F85 /* Supporting Files */,
			);
			path = PostcardTests;
			sourceTree = "<group>";
		};
		A25A23321A2E9EDF00C31F85 /* Supporting Files */ = {
			isa = PBXGroup;
			children = (
				A25A23331A2E9EDF00C31F85 /* Info.plist */,
			);
			name = "Supporting Files";
			sourceTree = "<group>";
		};
/* End PBXGroup section */

/* Begin PBXNativeTarget section */
		A25A23181A2E9EDF00C31F85 /* Postcard */ = {
			isa = PBXNativeTarget;
			buildConfigurationList = A25A23381A2E9EDF00C31F85 /* Build configuration list for PBXNativeTarget "Postcard" */;
			buildPhases = (
				A25A23151A2E9EDF00C31F85 /* Sources */,
				A25A23161A2E9EDF00C31F85 /* Frameworks */,
				A25A23171A2E9EDF00C31F85 /* Resources */,
			);
			buildRules = (
			);
			dependencies = (
			);
			name = Postcard;
			productName = Postcard;
			productReference = A25A23191A2E9EDF00C31F85 /* Postcard.app */;
			productType = "com.apple.product-type.application";
		};
		A25A232D1A2E9EDF00C31F85 /* PostcardTests */ = {
			isa = PBXNativeTarget;
			buildConfigurationList = A25A233B1A2E9EDF00C31F85 /* Build configuration list for PBXNativeTarget "PostcardTests" */;
			buildPhases = (
				A25A232A1A2E9EDF00C31F85 /* Sources */,
				A25A232B1A2E9EDF00C31F85 /* Frameworks */,
				A25A232C1A2E9EDF00C31F85 /* Resources */,
			);
			buildRules = (
			);
			dependencies = (
				A25A23301A2E9EDF00C31F85 /* PBXTargetDependency */,
			);
			name = PostcardTests;
			productName = PostcardTests;
			productReference = A25A232E1A2E9EDF00C31F85 /* PostcardTests.xctest */;
			productType = "com.apple.product-type.bundle.unit-test";
		};
/* End PBXNativeTarget section */

/* Begin PBXProject section */
		A25A23111A2E9EDF00C31F85 /* Project object */ = {
			isa = PBXProject;
			attributes = {
				LastUpgradeCheck = 0610;
				ORGANIZATIONNAME = AlbertChandler;
				TargetAttributes = {
					A25A23181A2E9EDF00C31F85 = {
						CreatedOnToolsVersion = 6.1.1;
					};
					A25A232D1A2E9EDF00C31F85 = {
						CreatedOnToolsVersion = 6.1.1;
						TestTargetID = A25A23181A2E9EDF00C31F85;
					};
				};
			};
			buildConfigurationList = A25A23141A2E9EDF00C31F85 /* Build configuration list for PBXProject "Postcard" */;
			compatibilityVersion = "Xcode 3.2";
			developmentRegion = English;
			hasScannedForEncodings = 0;
			knownRegions = (
				en,
				Base,
			);
			mainGroup = A25A23101A2E9EDF00C31F85;
			productRefGroup = A25A231A1A2E9EDF00C31F85 /* Products */;
			projectDirPath = "";
			projectRoot = "";
			targets = (
				A25A23181A2E9EDF00C31F85 /* Postcard */,
				A25A232D1A2E9EDF00C31F85 /* PostcardTests */,
			);
		};
/* End PBXProject section */

/* Begin PBXResourcesBuildPhase section */
		A25A23171A2E9EDF00C31F85 /* Resources */ = {
			isa = PBXResourcesBuildPhase;
			buildActionMask = 2147483647;
			files = (
				A25A23241A2E9EDF00C31F85 /* Main.storyboard in Resources */,
				A25A233F1A2FD32200C31F85 /* SagradaFamilia.jpeg in Resources */,
				A29A76911A31F9AB009F2332 /* AlbertEinsteinStamp.jpg in Resources */,
				A25A23291A2E9EDF00C31F85 /* LaunchScreen.xib in Resources */,
				A25A23261A2E9EDF00C31F85 /* Images.xcassets in Resources */,
			);
			runOnlyForDeploymentPostprocessing = 0;
		};
		A25A232C1A2E9EDF00C31F85 /* Resources */ = {
			isa = PBXResourcesBuildPhase;
			buildActionMask = 2147483647;
			files = (
			);
			runOnlyForDeploymentPostprocessing = 0;
		};
/* End PBXResourcesBuildPhase section */

/* Begin PBXSourcesBuildPhase section */
		A25A23151A2E9EDF00C31F85 /* Sources */ = {
			isa = PBXSourcesBuildPhase;
			buildActionMask = 2147483647;
			files = (
				A25A23211A2E9EDF00C31F85 /* ViewController.swift in Sources */,
				A25A231F1A2E9EDF00C31F85 /* AppDelegate.swift in Sources */,
			);
			runOnlyForDeploymentPostprocessing = 0;
		};
		A25A232A1A2E9EDF00C31F85 /* Sources */ = {
			isa = PBXSourcesBuildPhase;
			buildActionMask = 2147483647;
			files = (
				A25A23351A2E9EDF00C31F85 /* PostcardTests.swift in Sources */,
			);
			runOnlyForDeploymentPostprocessing = 0;
		};
/* End PBXSourcesBuildPhase section */

/* Begin PBXTargetDependency section */
		A25A23301A2E9EDF00C31F85 /* PBXTargetDependency */ = {
			isa = PBXTargetDependency;
			target = A25A23181A2E9EDF00C31F85 /* Postcard */;
			targetProxy = A25A232F1A2E9EDF00C31F85 /* PBXContainerItemProxy */;
		};
/* End PBXTargetDependency section */

/* Begin PBXVariantGroup section */
		A25A23221A2E9EDF00C31F85 /* Main.storyboard */ = {
			isa = PBXVariantGroup;
			children = (
				A25A23231A2E9EDF00C31F85 /* Base */,
			);
			name = Main.storyboard;
			sourceTree = "<group>";
		};
		A25A23271A2E9EDF00C31F85 /* LaunchScreen.xib */ = {
			isa = PBXVariantGroup;
			children = (
				A25A23281A2E9EDF00C31F85 /* Base */,
			);
			name = LaunchScreen.xib;
			sourceTree = "<group>";
		};
/* End PBXVariantGroup section */

/* Begin XCBuildConfiguration section */
		A25A23361A2E9EDF00C31F85 /* Debug */ = {
			isa = XCBuildConfiguration;
			buildSettings = {
				ALWAYS_SEARCH_USER_PATHS = NO;
				CLANG_CXX_LANGUAGE_STANDARD = "gnu++0x";
				CLANG_CXX_LIBRARY = "libc++";
				CLANG_ENABLE_MODULES = YES;
				CLANG_ENABLE_OBJC_ARC = YES;
				CLANG_WARN_BOOL_CONVERSION = YES;
				CLANG_WARN_CONSTANT_CONVERSION = YES;
				CLANG_WARN_DIRECT_OBJC_ISA_USAGE = YES_ERROR;
				CLANG_WARN_EMPTY_BODY = YES;
				CLANG_WARN_ENUM_CONVERSION = YES;
				CLANG_WARN_INT_CONVERSION = YES;
				CLANG_WARN_OBJC_ROOT_CLASS = YES_ERROR;
				CLANG_WARN_UNREACHABLE_CODE = YES;
				CLANG_WARN__DUPLICATE_METHOD_MATCH = YES;
				"CODE_SIGN_IDENTITY[sdk=iphoneos*]" = "iPhone Developer";
				COPY_PHASE_STRIP = NO;
				ENABLE_STRICT_OBJC_MSGSEND = YES;
				GCC_C_LANGUAGE_STANDARD = gnu99;
				GCC_DYNAMIC_NO_PIC = NO;
				GCC_OPTIMIZATION_LEVEL = 0;
				GCC_PREPROCESSOR_DEFINITIONS = (
					"DEBUG=1",
					"$(inherited)",
				);
				GCC_SYMBOLS_PRIVATE_EXTERN = NO;
				GCC_WARN_64_TO_32_BIT_CONVERSION = YES;
				GCC_WARN_ABOUT_RETURN_TYPE = YES_ERROR;
				GCC_WARN_UNDECLARED_SELECTOR = YES;
				GCC_WARN_UNINITIALIZED_AUTOS = YES_AGGRESSIVE;
				GCC_WARN_UNUSED_FUNCTION = YES;
				GCC_WARN_UNUSED_VARIABLE = YES;
				IPHONEOS_DEPLOYMENT_TARGET = 8.1;
				MTL_ENABLE_DEBUG_INFO = YES;
				ONLY_ACTIVE_ARCH = YES;
				SDKROOT = iphoneos;
				SWIFT_OPTIMIZATION_LEVEL = "-Onone";
				TARGETED_DEVICE_FAMILY = "1,2";
			};
			name = Debug;
		};
		A25A23371A2E9EDF00C31F85 /* Release */ = {
			isa = XCBuildConfiguration;
			buildSettings = {
				ALWAYS_SEARCH_USER_PATHS = NO;
				CLANG_CXX_LANGUAGE_STANDARD = "gnu++0x";
				CLANG_CXX_LIBRARY = "libc++";
				CLANG_ENABLE_MODULES = YES;
				CLANG_ENABLE_OBJC_ARC = YES;
				CLANG_WARN_BOOL_CONVERSION = YES;
				CLANG_WARN_CONSTANT_CONVERSION = YES;
				CLANG_WARN_DIRECT_OBJC_ISA_USAGE = YES_ERROR;
				CLANG_WARN_EMPTY_BODY = YES;
				CLANG_WARN_ENUM_CONVERSION = YES;
				CLANG_WARN_INT_CONVERSION = YES;
				CLANG_WARN_OBJC_ROOT_CLASS = YES_ERROR;
				CLANG_WARN_UNREACHABLE_CODE = YES;
				CLANG_WARN__DUPLICATE_METHOD_MATCH = YES;
				"CODE_SIGN_IDENTITY[sdk=iphoneos*]" = "iPhone Developer";
				COPY_PHASE_STRIP = YES;
				ENABLE_NS_ASSERTIONS = NO;
				ENABLE_STRICT_OBJC_MSGSEND = YES;
				GCC_C_LANGUAGE_STANDARD = gnu99;
				GCC_WARN_64_TO_32_BIT_CONVERSION = YES;
				GCC_WARN_ABOUT_RETURN_TYPE = YES_ERROR;
				GCC_WARN_UNDECLARED_SELECTOR = YES;
				GCC_WARN_UNINITIALIZED_AUTOS = YES_AGGRESSIVE;
				GCC_WARN_UNUSED_FUNCTION = YES;
				GCC_WARN_UNUSED_VARIABLE = YES;
				IPHONEOS_DEPLOYMENT_TARGET = 8.1;
				MTL_ENABLE_DEBUG_INFO = NO;
				SDKROOT = iphoneos;
				TARGETED_DEVICE_FAMILY = "1,2";
				VALIDATE_PRODUCT = YES;
			};
			name = Release;
		};
		A25A23391A2E9EDF00C31F85 /* Debug */ = {
			isa = XCBuildConfiguration;
			buildSettings = {
				ASSETCATALOG_COMPILER_APPICON_NAME = AppIcon;
				INFOPLIST_FILE = Postcard/Info.plist;
				LD_RUNPATH_SEARCH_PATHS = "$(inherited) @executable_path/Frameworks";
				PRODUCT_NAME = "$(TARGET_NAME)";
			};
			name = Debug;
		};
		A25A233A1A2E9EDF00C31F85 /* Release */ = {
			isa = XCBuildConfiguration;
			buildSettings = {
				ASSETCATALOG_COMPILER_APPICON_NAME = AppIcon;
				INFOPLIST_FILE = Postcard/Info.plist;
				LD_RUNPATH_SEARCH_PATHS = "$(inherited) @executable_path/Frameworks";
				PRODUCT_NAME = "$(TARGET_NAME)";
			};
			name = Release;
		};
		A25A233C1A2E9EDF00C31F85 /* Debug */ = {
			isa = XCBuildConfiguration;
			buildSettings = {
				BUNDLE_LOADER = "$(TEST_HOST)";
				FRAMEWORK_SEARCH_PATHS = (
					"$(SDKROOT)/Developer/Library/Frameworks",
					"$(inherited)",
				);
				GCC_PREPROCESSOR_DEFINITIONS = (
					"DEBUG=1",
					"$(inherited)",
				);
				INFOPLIST_FILE = PostcardTests/Info.plist;
				LD_RUNPATH_SEARCH_PATHS = "$(inherited) @executable_path/Frameworks @loader_path/Frameworks";
				PRODUCT_NAME = "$(TARGET_NAME)";
				TEST_HOST = "$(BUILT_PRODUCTS_DIR)/Postcard.app/Postcard";
			};
			name = Debug;
		};
		A25A233D1A2E9EDF00C31F85 /* Release */ = {
			isa = XCBuildConfiguration;
			buildSettings = {
				BUNDLE_LOADER = "$(TEST_HOST)";
				FRAMEWORK_SEARCH_PATHS = (
					"$(SDKROOT)/Developer/Library/Frameworks",
					"$(inherited)",
				);
				INFOPLIST_FILE = PostcardTests/Info.plist;
				LD_RUNPATH_SEARCH_PATHS = "$(inherited) @executable_path/Frameworks @loader_path/Frameworks";
				PRODUCT_NAME = "$(TARGET_NAME)";
				TEST_HOST = "$(BUILT_PRODUCTS_DIR)/Postcard.app/Postcard";
			};
			name = Release;
		};
/* End XCBuildConfiguration section */

/* Begin XCConfigurationList section */
		A25A23141A2E9EDF00C31F85 /* Build configuration list for PBXProject "Postcard" */ = {
			isa = XCConfigurationList;
			buildConfigurations = (
				A25A23361A2E9EDF00C31F85 /* Debug */,
				A25A23371A2E9EDF00C31F85 /* Release */,
			);
			defaultConfigurationIsVisible = 0;
			defaultConfigurationName = Release;
		};
		A25A23381A2E9EDF00C31F85 /* Build configuration list for PBXNativeTarget "Postcard" */ = {
			isa = XCConfigurationList;
			buildConfigurations = (
				A25A23391A2E9EDF00C31F85 /* Debug */,
				A25A233A1A2E9EDF00C31F85 /* Release */,
			);
			defaultConfigurationIsVisible = 0;
			defaultConfigurationName = Release;
		};
		A25A233B1A2E9EDF00C31F85 /* Build configuration list for PBXNativeTarget "PostcardTests" */ = {
			isa = XCConfigurationList;
			buildConfigurations = (
				A25A233C1A2E9EDF00C31F85 /* Debug */,
				A25A233D1A2E9EDF00C31F85 /* Release */,
			);
			defaultConfigurationIsVisible = 0;
			defaultConfigurationName = Release;
		};
/* End XCConfigurationList section */
	};
	rootObject = A25A23111A2E9EDF00C31F85 /* Project object */;
}
